
Microsoft Visual Studio Solution File, Format Version 12.00
# Visual Studio Version 17
VisualStudioVersion = 17.9.34616.47
MinimumVisualStudioVersion = 10.0.40219.1
Project("{FAE04EC0-301F-11D3-BF4B-00C04F79EFBC}") = "TPModul4_1302223043", "TPModul4_1302223043\TPModul4_1302223043.csproj", "{3B4BB33B-7927-4176-A815-1E026B0FAEC5}"
EndProject
Global
	GlobalSection(SolutionConfigurationPlatforms) = preSolution
		Debug|Any CPU = Debug|Any CPU
		Release|Any CPU = Release|Any CPU
	EndGlobalSection
	GlobalSection(ProjectConfigurationPlatforms) = postSolution
		{3B4BB33B-7927-4176-A815-1E026B0FAEC5}.Debug|Any CPU.ActiveCfg = Debug|Any CPU
		{3B4BB33B-7927-4176-A815-1E026B0FAEC5}.Debug|Any CPU.Build.0 = Debug|Any CPU
		{3B4BB33B-7927-4176-A815-1E026B0FAEC5}.Release|Any CPU.ActiveCfg = Release|Any CPU
		{3B4BB33B-7927-4176-A815-1E026B0FAEC5}.Release|Any CPU.Build.0 = Release|Any CPU
	EndGlobalSection
	GlobalSection(SolutionProperties) = preSolution
		HideSolutionNode = FALSE
	EndGlobalSection
	GlobalSection(ExtensibilityGlobals) = postSolution
		SolutionGuid = {378B0035-D260-481E-A0E7-F355684A7AC4}
	EndGlobalSection
EndGlobal
